
Microsoft Visual Studio Solution File, Format Version 12.00
# Visual Studio Version 17
VisualStudioVersion = 17.0.31903.59
MinimumVisualStudioVersion = 10.0.40219.1
Project("{2150E333-8FDC-42A3-9474-1A3956D46DE8}") = "services", "services", "{5854FF58-B8C5-05C6-5BF2-ACE42193F22B}"
EndProject
Project("{2150E333-8FDC-42A3-9474-1A3956D46DE8}") = "OrderService", "OrderService", "{05772A79-6677-48D6-4812-5BDCDF485F71}"
EndProject
Project("{2150E333-8FDC-42A3-9474-1A3956D46DE8}") = "src", "src", "{D77DDFF2-7C3E-1BAA-07E0-86CE8B80ABB4}"
EndProject
Project("{FAE04EC0-301F-11D3-BF4B-00C04F79EFBC}") = "OrderService.Domain", "services\OrderService\src\OrderService.Domain\OrderService.Domain.csproj", "{B4EA1021-525B-439B-99D2-95B026D3C566}"
EndProject
Project("{FAE04EC0-301F-11D3-BF4B-00C04F79EFBC}") = "OrderService.Application", "services\OrderService\src\OrderService.Application\OrderService.Application.csproj", "{39363CCB-3A3F-455E-BA6A-DE72939019AB}"
EndProject
Project("{FAE04EC0-301F-11D3-BF4B-00C04F79EFBC}") = "OrderService.Infrastructure", "services\OrderService\src\OrderService.Infrastructure\OrderService.Infrastructure.csproj", "{61677507-669A-40E3-AE2D-D4A3AFF90B6B}"
EndProject
Project("{FAE04EC0-301F-11D3-BF4B-00C04F79EFBC}") = "OrderService.API", "services\OrderService\src\OrderService.API\OrderService.API.csproj", "{3CD309DE-5815-4811-A87A-05109C955414}"
EndProject
Project("{2150E333-8FDC-42A3-9474-1A3956D46DE8}") = "shared", "shared", "{4F52FD11-658E-A102-6CD3-7D7C16FFA15B}"
EndProject
Project("{2150E333-8FDC-42A3-9474-1A3956D46DE8}") = "Contracts", "Contracts", "{85E3A286-880E-ADB0-5CF2-3F1BDB3A4229}"
EndProject
Project("{FAE04EC0-301F-11D3-BF4B-00C04F79EFBC}") = "SmartOps.Contracts", "shared\Contracts\SmartOps.Contracts.csproj", "{77E718AC-6323-4FB0-8F5D-A25DAF128FE1}"
EndProject
Project("{2150E333-8FDC-42A3-9474-1A3956D46DE8}") = "InvoiceService", "InvoiceService", "{6633B4F4-165E-B44D-8CC3-7164B2EC9597}"
EndProject
Project("{2150E333-8FDC-42A3-9474-1A3956D46DE8}") = "src", "src", "{143F1C4B-97B2-6C8C-AB44-C0F9C1201D7F}"
EndProject
Project("{FAE04EC0-301F-11D3-BF4B-00C04F79EFBC}") = "InvoiceService.Domain", "services\InvoiceService\src\InvoiceService.Domain\InvoiceService.Domain.csproj", "{BC8660F9-3E93-47A3-A2D1-BB34B727606F}"
EndProject
Project("{FAE04EC0-301F-11D3-BF4B-00C04F79EFBC}") = "InvoiceService.Infrastructure", "services\InvoiceService\src\InvoiceService.Infrastructure\InvoiceService.Infrastructure.csproj", "{9042415E-1D02-4959-81ED-0A4040FA21BF}"
EndProject
Project("{FAE04EC0-301F-11D3-BF4B-00C04F79EFBC}") = "InvoiceService.Application", "services\InvoiceService\src\InvoiceService.Application\InvoiceService.Application.csproj", "{4C2B0223-0B73-416B-AF41-0B52155FA6FE}"
EndProject
Project("{FAE04EC0-301F-11D3-BF4B-00C04F79EFBC}") = "InvoiceService.API", "services\InvoiceService\src\InvoiceService.API\InvoiceService.API.csproj", "{EE463FB3-A7E2-49FB-955D-AE58E19F3BD3}"
EndProject
Global
	GlobalSection(SolutionConfigurationPlatforms) = preSolution
		Debug|Any CPU = Debug|Any CPU
		Debug|x64 = Debug|x64
		Debug|x86 = Debug|x86
		Release|Any CPU = Release|Any CPU
		Release|x64 = Release|x64
		Release|x86 = Release|x86
	EndGlobalSection
	GlobalSection(ProjectConfigurationPlatforms) = postSolution
		{B4EA1021-525B-439B-99D2-95B026D3C566}.Debug|Any CPU.ActiveCfg = Debug|Any CPU
		{B4EA1021-525B-439B-99D2-95B026D3C566}.Debug|Any CPU.Build.0 = Debug|Any CPU
		{B4EA1021-525B-439B-99D2-95B026D3C566}.Debug|x64.ActiveCfg = Debug|Any CPU
		{B4EA1021-525B-439B-99D2-95B026D3C566}.Debug|x64.Build.0 = Debug|Any CPU
		{B4EA1021-525B-439B-99D2-95B026D3C566}.Debug|x86.ActiveCfg = Debug|Any CPU
		{B4EA1021-525B-439B-99D2-95B026D3C566}.Debug|x86.Build.0 = Debug|Any CPU
		{B4EA1021-525B-439B-99D2-95B026D3C566}.Release|Any CPU.ActiveCfg = Release|Any CPU
		{B4EA1021-525B-439B-99D2-95B026D3C566}.Release|Any CPU.Build.0 = Release|Any CPU
		{B4EA1021-525B-439B-99D2-95B026D3C566}.Release|x64.ActiveCfg = Release|Any CPU
		{B4EA1021-525B-439B-99D2-95B026D3C566}.Release|x64.Build.0 = Release|Any CPU
		{B4EA1021-525B-439B-99D2-95B026D3C566}.Release|x86.ActiveCfg = Release|Any CPU
		{B4EA1021-525B-439B-99D2-95B026D3C566}.Release|x86.Build.0 = Release|Any CPU
		{39363CCB-3A3F-455E-BA6A-DE72939019AB}.Debug|Any CPU.ActiveCfg = Debug|Any CPU
		{39363CCB-3A3F-455E-BA6A-DE72939019AB}.Debug|Any CPU.Build.0 = Debug|Any CPU
		{39363CCB-3A3F-455E-BA6A-DE72939019AB}.Debug|x64.ActiveCfg = Debug|Any CPU
		{39363CCB-3A3F-455E-BA6A-DE72939019AB}.Debug|x64.Build.0 = Debug|Any CPU
		{39363CCB-3A3F-455E-BA6A-DE72939019AB}.Debug|x86.ActiveCfg = Debug|Any CPU
		{39363CCB-3A3F-455E-BA6A-DE72939019AB}.Debug|x86.Build.0 = Debug|Any CPU
		{39363CCB-3A3F-455E-BA6A-DE72939019AB}.Release|Any CPU.ActiveCfg = Release|Any CPU
		{39363CCB-3A3F-455E-BA6A-DE72939019AB}.Release|Any CPU.Build.0 = Release|Any CPU
		{39363CCB-3A3F-455E-BA6A-DE72939019AB}.Release|x64.ActiveCfg = Release|Any CPU
		{39363CCB-3A3F-455E-BA6A-DE72939019AB}.Release|x64.Build.0 = Release|Any CPU
		{39363CCB-3A3F-455E-BA6A-DE72939019AB}.Release|x86.ActiveCfg = Release|Any CPU
		{39363CCB-3A3F-455E-BA6A-DE72939019AB}.Release|x86.Build.0 = Release|Any CPU
		{61677507-669A-40E3-AE2D-D4A3AFF90B6B}.Debug|Any CPU.ActiveCfg = Debug|Any CPU
		{61677507-669A-40E3-AE2D-D4A3AFF90B6B}.Debug|Any CPU.Build.0 = Debug|Any CPU
		{61677507-669A-40E3-AE2D-D4A3AFF90B6B}.Debug|x64.ActiveCfg = Debug|Any CPU
		{61677507-669A-40E3-AE2D-D4A3AFF90B6B}.Debug|x64.Build.0 = Debug|Any CPU
		{61677507-669A-40E3-AE2D-D4A3AFF90B6B}.Debug|x86.ActiveCfg = Debug|Any CPU
		{61677507-669A-40E3-AE2D-D4A3AFF90B6B}.Debug|x86.Build.0 = Debug|Any CPU
		{61677507-669A-40E3-AE2D-D4A3AFF90B6B}.Release|Any CPU.ActiveCfg = Release|Any CPU
		{61677507-669A-40E3-AE2D-D4A3AFF90B6B}.Release|Any CPU.Build.0 = Release|Any CPU
		{61677507-669A-40E3-AE2D-D4A3AFF90B6B}.Release|x64.ActiveCfg = Release|Any CPU
		{61677507-669A-40E3-AE2D-D4A3AFF90B6B}.Release|x64.Build.0 = Release|Any CPU
		{61677507-669A-40E3-AE2D-D4A3AFF90B6B}.Release|x86.ActiveCfg = Release|Any CPU
		{61677507-669A-40E3-AE2D-D4A3AFF90B6B}.Release|x86.Build.0 = Release|Any CPU
		{3CD309DE-5815-4811-A87A-05109C955414}.Debug|Any CPU.ActiveCfg = Debug|Any CPU
		{3CD309DE-5815-4811-A87A-05109C955414}.Debug|Any CPU.Build.0 = Debug|Any CPU
		{3CD309DE-5815-4811-A87A-05109C955414}.Debug|x64.ActiveCfg = Debug|Any CPU
		{3CD309DE-5815-4811-A87A-05109C955414}.Debug|x64.Build.0 = Debug|Any CPU
		{3CD309DE-5815-4811-A87A-05109C955414}.Debug|x86.ActiveCfg = Debug|Any CPU
		{3CD309DE-5815-4811-A87A-05109C955414}.Debug|x86.Build.0 = Debug|Any CPU
		{3CD309DE-5815-4811-A87A-05109C955414}.Release|Any CPU.ActiveCfg = Release|Any CPU
		{3CD309DE-5815-4811-A87A-05109C955414}.Release|Any CPU.Build.0 = Release|Any CPU
		{3CD309DE-5815-4811-A87A-05109C955414}.Release|x64.ActiveCfg = Release|Any CPU
		{3CD309DE-5815-4811-A87A-05109C955414}.Release|x64.Build.0 = Release|Any CPU
		{3CD309DE-5815-4811-A87A-05109C955414}.Release|x86.ActiveCfg = Release|Any CPU
		{3CD309DE-5815-4811-A87A-05109C955414}.Release|x86.Build.0 = Release|Any CPU
		{77E718AC-6323-4FB0-8F5D-A25DAF128FE1}.Debug|Any CPU.ActiveCfg = Debug|Any CPU
		{77E718AC-6323-4FB0-8F5D-A25DAF128FE1}.Debug|Any CPU.Build.0 = Debug|Any CPU
		{77E718AC-6323-4FB0-8F5D-A25DAF128FE1}.Debug|x64.ActiveCfg = Debug|Any CPU
		{77E718AC-6323-4FB0-8F5D-A25DAF128FE1}.Debug|x64.Build.0 = Debug|Any CPU
		{77E718AC-6323-4FB0-8F5D-A25DAF128FE1}.Debug|x86.ActiveCfg = Debug|Any CPU
		{77E718AC-6323-4FB0-8F5D-A25DAF128FE1}.Debug|x86.Build.0 = Debug|Any CPU
		{77E718AC-6323-4FB0-8F5D-A25DAF128FE1}.Release|Any CPU.ActiveCfg = Release|Any CPU
		{77E718AC-6323-4FB0-8F5D-A25DAF128FE1}.Release|Any CPU.Build.0 = Release|Any CPU
		{77E718AC-6323-4FB0-8F5D-A25DAF128FE1}.Release|x64.ActiveCfg = Release|Any CPU
		{77E718AC-6323-4FB0-8F5D-A25DAF128FE1}.Release|x64.Build.0 = Release|Any CPU
		{77E718AC-6323-4FB0-8F5D-A25DAF128FE1}.Release|x86.ActiveCfg = Release|Any CPU
		{77E718AC-6323-4FB0-8F5D-A25DAF128FE1}.Release|x86.Build.0 = Release|Any CPU
		{BC8660F9-3E93-47A3-A2D1-BB34B727606F}.Debug|Any CPU.ActiveCfg = Debug|Any CPU
		{BC8660F9-3E93-47A3-A2D1-BB34B727606F}.Debug|Any CPU.Build.0 = Debug|Any CPU
		{BC8660F9-3E93-47A3-A2D1-BB34B727606F}.Debug|x64.ActiveCfg = Debug|Any CPU
		{BC8660F9-3E93-47A3-A2D1-BB34B727606F}.Debug|x64.Build.0 = Debug|Any CPU
		{BC8660F9-3E93-47A3-A2D1-BB34B727606F}.Debug|x86.ActiveCfg = Debug|Any CPU
		{BC8660F9-3E93-47A3-A2D1-BB34B727606F}.Debug|x86.Build.0 = Debug|Any CPU
		{BC8660F9-3E93-47A3-A2D1-BB34B727606F}.Release|Any CPU.ActiveCfg = Release|Any CPU
		{BC8660F9-3E93-47A3-A2D1-BB34B727606F}.Release|Any CPU.Build.0 = Release|Any CPU
		{BC8660F9-3E93-47A3-A2D1-BB34B727606F}.Release|x64.ActiveCfg = Release|Any CPU
		{BC8660F9-3E93-47A3-A2D1-BB34B727606F}.Release|x64.Build.0 = Release|Any CPU
		{BC8660F9-3E93-47A3-A2D1-BB34B727606F}.Release|x86.ActiveCfg = Release|Any CPU
		{BC8660F9-3E93-47A3-A2D1-BB34B727606F}.Release|x86.Build.0 = Release|Any CPU
		{9042415E-1D02-4959-81ED-0A4040FA21BF}.Debug|Any CPU.ActiveCfg = Debug|Any CPU
		{9042415E-1D02-4959-81ED-0A4040FA21BF}.Debug|Any CPU.Build.0 = Debug|Any CPU
		{9042415E-1D02-4959-81ED-0A4040FA21BF}.Debug|x64.ActiveCfg = Debug|Any CPU
		{9042415E-1D02-4959-81ED-0A4040FA21BF}.Debug|x64.Build.0 = Debug|Any CPU
		{9042415E-1D02-4959-81ED-0A4040FA21BF}.Debug|x86.ActiveCfg = Debug|Any CPU
		{9042415E-1D02-4959-81ED-0A4040FA21BF}.Debug|x86.Build.0 = Debug|Any CPU
		{9042415E-1D02-4959-81ED-0A4040FA21BF}.Release|Any CPU.ActiveCfg = Release|Any CPU
		{9042415E-1D02-4959-81ED-0A4040FA21BF}.Release|Any CPU.Build.0 = Release|Any CPU
		{9042415E-1D02-4959-81ED-0A4040FA21BF}.Release|x64.ActiveCfg = Release|Any CPU
		{9042415E-1D02-4959-81ED-0A4040FA21BF}.Release|x64.Build.0 = Release|Any CPU
		{9042415E-1D02-4959-81ED-0A4040FA21BF}.Release|x86.ActiveCfg = Release|Any CPU
		{9042415E-1D02-4959-81ED-0A4040FA21BF}.Release|x86.Build.0 = Release|Any CPU
		{4C2B0223-0B73-416B-AF41-0B52155FA6FE}.Debug|Any CPU.ActiveCfg = Debug|Any CPU
		{4C2B0223-0B73-416B-AF41-0B52155FA6FE}.Debug|Any CPU.Build.0 = Debug|Any CPU
		{4C2B0223-0B73-416B-AF41-0B52155FA6FE}.Debug|x64.ActiveCfg = Debug|Any CPU
		{4C2B0223-0B73-416B-AF41-0B52155FA6FE}.Debug|x64.Build.0 = Debug|Any CPU
		{4C2B0223-0B73-416B-AF41-0B52155FA6FE}.Debug|x86.ActiveCfg = Debug|Any CPU
		{4C2B0223-0B73-416B-AF41-0B52155FA6FE}.Debug|x86.Build.0 = Debug|Any CPU
		{4C2B0223-0B73-416B-AF41-0B52155FA6FE}.Release|Any CPU.ActiveCfg = Release|Any CPU
		{4C2B0223-0B73-416B-AF41-0B52155FA6FE}.Release|Any CPU.Build.0 = Release|Any CPU
		{4C2B0223-0B73-416B-AF41-0B52155FA6FE}.Release|x64.ActiveCfg = Release|Any CPU
		{4C2B0223-0B73-416B-AF41-0B52155FA6FE}.Release|x64.Build.0 = Release|Any CPU
		{4C2B0223-0B73-416B-AF41-0B52155FA6FE}.Release|x86.ActiveCfg = Release|Any CPU
		{4C2B0223-0B73-416B-AF41-0B52155FA6FE}.Release|x86.Build.0 = Release|Any CPU
		{EE463FB3-A7E2-49FB-955D-AE58E19F3BD3}.Debug|Any CPU.ActiveCfg = Debug|Any CPU
		{EE463FB3-A7E2-49FB-955D-AE58E19F3BD3}.Debug|Any CPU.Build.0 = Debug|Any CPU
		{EE463FB3-A7E2-49FB-955D-AE58E19F3BD3}.Debug|x64.ActiveCfg = Debug|Any CPU
		{EE463FB3-A7E2-49FB-955D-AE58E19F3BD3}.Debug|x64.Build.0 = Debug|Any CPU
		{EE463FB3-A7E2-49FB-955D-AE58E19F3BD3}.Debug|x86.ActiveCfg = Debug|Any CPU
		{EE463FB3-A7E2-49FB-955D-AE58E19F3BD3}.Debug|x86.Build.0 = Debug|Any CPU
		{EE463FB3-A7E2-49FB-955D-AE58E19F3BD3}.Release|Any CPU.ActiveCfg = Release|Any CPU
		{EE463FB3-A7E2-49FB-955D-AE58E19F3BD3}.Release|Any CPU.Build.0 = Release|Any CPU
		{EE463FB3-A7E2-49FB-955D-AE58E19F3BD3}.Release|x64.ActiveCfg = Release|Any CPU
		{EE463FB3-A7E2-49FB-955D-AE58E19F3BD3}.Release|x64.Build.0 = Release|Any CPU
		{EE463FB3-A7E2-49FB-955D-AE58E19F3BD3}.Release|x86.ActiveCfg = Release|Any CPU
		{EE463FB3-A7E2-49FB-955D-AE58E19F3BD3}.Release|x86.Build.0 = Release|Any CPU
	EndGlobalSection
	GlobalSection(SolutionProperties) = preSolution
		HideSolutionNode = FALSE
	EndGlobalSection
	GlobalSection(NestedProjects) = preSolution
		{05772A79-6677-48D6-4812-5BDCDF485F71} = {5854FF58-B8C5-05C6-5BF2-ACE42193F22B}
		{D77DDFF2-7C3E-1BAA-07E0-86CE8B80ABB4} = {05772A79-6677-48D6-4812-5BDCDF485F71}
		{B4EA1021-525B-439B-99D2-95B026D3C566} = {D77DDFF2-7C3E-1BAA-07E0-86CE8B80ABB4}
		{39363CCB-3A3F-455E-BA6A-DE72939019AB} = {D77DDFF2-7C3E-1BAA-07E0-86CE8B80ABB4}
		{61677507-669A-40E3-AE2D-D4A3AFF90B6B} = {D77DDFF2-7C3E-1BAA-07E0-86CE8B80ABB4}
		{3CD309DE-5815-4811-A87A-05109C955414} = {D77DDFF2-7C3E-1BAA-07E0-86CE8B80ABB4}
		{85E3A286-880E-ADB0-5CF2-3F1BDB3A4229} = {4F52FD11-658E-A102-6CD3-7D7C16FFA15B}
		{77E718AC-6323-4FB0-8F5D-A25DAF128FE1} = {85E3A286-880E-ADB0-5CF2-3F1BDB3A4229}
		{6633B4F4-165E-B44D-8CC3-7164B2EC9597} = {5854FF58-B8C5-05C6-5BF2-ACE42193F22B}
		{143F1C4B-97B2-6C8C-AB44-C0F9C1201D7F} = {6633B4F4-165E-B44D-8CC3-7164B2EC9597}
		{BC8660F9-3E93-47A3-A2D1-BB34B727606F} = {143F1C4B-97B2-6C8C-AB44-C0F9C1201D7F}
		{9042415E-1D02-4959-81ED-0A4040FA21BF} = {143F1C4B-97B2-6C8C-AB44-C0F9C1201D7F}
		{4C2B0223-0B73-416B-AF41-0B52155FA6FE} = {143F1C4B-97B2-6C8C-AB44-C0F9C1201D7F}
		{EE463FB3-A7E2-49FB-955D-AE58E19F3BD3} = {143F1C4B-97B2-6C8C-AB44-C0F9C1201D7F}
	EndGlobalSection
EndGlobal
